
Microsoft Visual Studio Solution File, Format Version 12.00
# Visual Studio Version 17
VisualStudioVersion = 17.11.35327.3
MinimumVisualStudioVersion = 10.0.40219.1
Project("{FAE04EC0-301F-11D3-BF4B-00C04F79EFBC}") = "buoi5", "buoi5\buoi5.csproj", "{47422CF2-2545-48AC-96DE-6803A56AD14E}"
EndProject
Global
	GlobalSection(SolutionConfigurationPlatforms) = preSolution
		Debug|Any CPU = Debug|Any CPU
		Release|Any CPU = Release|Any CPU
	EndGlobalSection
	GlobalSection(ProjectConfigurationPlatforms) = postSolution
		{47422CF2-2545-48AC-96DE-6803A56AD14E}.Debug|Any CPU.ActiveCfg = Debug|Any CPU
		{47422CF2-2545-48AC-96DE-6803A56AD14E}.Debug|Any CPU.Build.0 = Debug|Any CPU
		{47422CF2-2545-48AC-96DE-6803A56AD14E}.Release|Any CPU.ActiveCfg = Release|Any CPU
		{47422CF2-2545-48AC-96DE-6803A56AD14E}.Release|Any CPU.Build.0 = Release|Any CPU
	EndGlobalSection
	GlobalSection(SolutionProperties) = preSolution
		HideSolutionNode = FALSE
	EndGlobalSection
	GlobalSection(ExtensibilityGlobals) = postSolution
		SolutionGuid = {C0218B22-4CFA-423B-B3E0-4BA82C27C616}
	EndGlobalSection
EndGlobal
